
Microsoft Visual Studio Solution File, Format Version 12.00
# Visual Studio 2012
Project("{FAE04EC0-301F-11D3-BF4B-00C04F79EFBC}") = "Xamarin.SimpleKeychain", "Xamarin.SimpleKeychain\Xamarin.SimpleKeychain.csproj", "{40DE8326-9B8B-45E5-867F-73F482AB8A56}"
EndProject
Global
	GlobalSection(SolutionConfigurationPlatforms) = preSolution
		Debug|Any CPU = Debug|Any CPU
		Release|Any CPU = Release|Any CPU
	EndGlobalSection
	GlobalSection(ProjectConfigurationPlatforms) = postSolution
		{40DE8326-9B8B-45E5-867F-73F482AB8A56}.Debug|Any CPU.ActiveCfg = Debug|Any CPU
		{40DE8326-9B8B-45E5-867F-73F482AB8A56}.Debug|Any CPU.Build.0 = Debug|Any CPU
		{40DE8326-9B8B-45E5-867F-73F482AB8A56}.Release|Any CPU.ActiveCfg = Release|Any CPU
		{40DE8326-9B8B-45E5-867F-73F482AB8A56}.Release|Any CPU.Build.0 = Release|Any CPU
	EndGlobalSection
	GlobalSection(MonoDevelopProperties) = preSolution
		StartupItem = Xamarin.SimpleKeychain\Xamarin.SimpleKeychain.csproj
	EndGlobalSection
EndGlobal
